github.com/carlmjohnson/flagext v0.21.0 h1:/c4uK3ie786Z7caXLcIMvePNSSiH3bQVGDvmGLMme60=
github.com/carlmjohnson/flagext v0.21.0/go.mod h1:Eenv0epIUAr4NuedNmkzI8WmBmjIxZC239XcKxYS2ac=
golang.org/x/sync v0.0.0-20210220032951-036812b2e83c h1:5KslGYwFpkhGh+Q16bwMP3cOontH8FOep7tGV86Y7SQ=
golang.org/x/sync v0.0.0-20210220032951-036812b2e83c/go.mod h1:RxMgew5VJxzue5/jJTE5uejpjVlOe/izrB70Jof72aM=
