github.com/carlmjohnson/be v0.22.3 h1:XwpxXz+wHvZ6O+i/IxcVQaGinsDkF99bpq0VXno6Voc=
github.com/carlmjohnson/be v0.22.3/go.mod h1:KAgPUh0HpzWYZZI+IABdo80wTgY43YhbdsiLYAaSI/Q=
github.com/carlmjohnson/exitcode v0.20.2 h1:vE6rmkCGNA4kO4m1qwWIa77PKlUBVg46cNjs22eAOXE=
github.com/carlmjohnson/exitcode v0.20.2/go.mod h1:MZ6ThCDx517DQcrpYnnns1pLh8onjFl+B/AsrOrdmpc=
github.com/carlmjohnson/flagx v0.22.2 h1:UXf7gL4Ffv5RIH/HKp8CGNzDyopgezFLrDO1m4F8jWc=
github.com/carlmjohnson/flagx v0.22.2/go.mod h1:obobISvBnxgEXPLBITVXhRUOlSlzza1SGt34M64CPJc=
github.com/carlmjohnson/requests v0.23.4 h1:AxcvapfB9RPXLSyvAHk9YJoodQ43ZjzNHj6Ft3tQGdg=
github.com/carlmjohnson/requests v0.23.4/go.mod h1:Qzp6tW4DQyainPP+tGwiJTzwxvElTIKm0B191TgTtOA=
github.com/carlmjohnson/versioninfo v0.22.5 h1:O00sjOLUAFxYQjlN/bzYTuZiS0y6fWDQjMRvwtKgwwc=
github.com/carlmjohnson/versioninfo v0.22.5/go.mod h1:QT9mph3wcVfISUKd0i9sZfVrPviHuSF+cUtLjm2WSf8=
golang.org/x/net v0.55.0 h1:bcvxaJn3e1U6InsFWt1JUq1aSjnRxLzT2rtD2KfkDF8=
golang.org/x/net v0.55.0/go.mod h1:L5U2KuzuOe1lY7Z+aWVIKK6qEeJXnXV9yzGA+WCHJww=
golang.org/x/sys v0.45.0 h1:dO4czNzziLiiXplLQgBCEpCvXQ3dnkn0SdaZSYdQ+FY=
golang.org/x/sys v0.45.0/go.mod h1:4GL1E5IUh+htKOUEOaiffhrAeqysfVGipDYzABqnCmw=
golang.org/x/term v0.43.0 h1:S4RLU2sB31O/NCl+zFN9Aru9A/Cq2aqKpTZJ6B+DwT4=
golang.org/x/term v0.43.0/go.mod h1:lrhlHNdQJHO+1qVYiHfFKVuVioJIheAc3fBSMFYEIsk=
