github.com/carlmjohnson/be v0.22.3 h1:XwpxXz+wHvZ6O+i/IxcVQaGinsDkF99bpq0VXno6Voc=
github.com/carlmjohnson/be v0.22.3/go.mod h1:KAgPUh0HpzWYZZI+IABdo80wTgY43YhbdsiLYAaSI/Q=
github.com/carlmjohnson/exitcode v0.20.2 h1:vE6rmkCGNA4kO4m1qwWIa77PKlUBVg46cNjs22eAOXE=
github.com/carlmjohnson/exitcode v0.20.2/go.mod h1:MZ6ThCDx517DQcrpYnnns1pLh8onjFl+B/AsrOrdmpc=
github.com/carlmjohnson/flagx v0.22.2 h1:UXf7gL4Ffv5RIH/HKp8CGNzDyopgezFLrDO1m4F8jWc=
github.com/carlmjohnson/flagx v0.22.2/go.mod h1:obobISvBnxgEXPLBITVXhRUOlSlzza1SGt34M64CPJc=
github.com/carlmjohnson/requests v0.23.4 h1:AxcvapfB9RPXLSyvAHk9YJoodQ43ZjzNHj6Ft3tQGdg=
github.com/carlmjohnson/requests v0.23.4/go.mod h1:Qzp6tW4DQyainPP+tGwiJTzwxvElTIKm0B191TgTtOA=
github.com/carlmjohnson/versioninfo v0.22.5 h1:O00sjOLUAFxYQjlN/bzYTuZiS0y6fWDQjMRvwtKgwwc=
github.com/carlmjohnson/versioninfo v0.22.5/go.mod h1:QT9mph3wcVfISUKd0i9sZfVrPviHuSF+cUtLjm2WSf8=
golang.org/x/net v0.15.0 h1:ugBLEUaxABaB5AJqW9enI0ACdci2RUd4eP51NTBvuJ8=
golang.org/x/net v0.15.0/go.mod h1:idbUs1IY1+zTqbi8yxTbhexhEEk5ur9LInksu6HrEpk=
golang.org/x/sys v0.12.0 h1:CM0HF96J0hcLAwsHPJZjfdNzs0gftsLfgKt57wWHJ0o=
golang.org/x/sys v0.12.0/go.mod h1:oPkhp1MJrh7nUepCBck5+mAzfO9JrbApNNgaTdGDITg=
golang.org/x/term v0.12.0 h1:/ZfYdc3zq+q02Rv9vGqTeSItdzZTSNDmfTi0mBAuidU=
golang.org/x/term v0.12.0/go.mod h1:owVbMEjm3cBLCHdkQu9b1opXd4ETQWc3BhuQGKgXgvU=
